
Microsoft Visual Studio Solution File, Format Version 12.00
# Visual Studio Version 16
VisualStudioVersion = 16.0.29613.14
MinimumVisualStudioVersion = 10.0.40219.1
Project("{FAE04EC0-301F-11D3-BF4B-00C04F79EFBC}") = "CmriSubroutines", "CmriSubroutines\CmriSubroutines.csproj", "{876B6285-09C2-4B88-A2D6-23583C6722F5}"
EndProject
Project("{2150E333-8FDC-42A3-9474-1A3956D46DE8}") = "Solution Items", "Solution Items", "{DC40AA30-22BB-4B2E-93EB-2817FD64AF12}"
	ProjectSection(SolutionItems) = preProject
		LICENSE.md = LICENSE.md
		README.md = README.md
	EndProjectSection
EndProject
Project("{FAE04EC0-301F-11D3-BF4B-00C04F79EFBC}") = "TestCmri", "TestCmri\TestCmri.csproj", "{E86E3434-7012-456C-9C64-C2D335DE018A}"
EndProject
Global
	GlobalSection(SolutionConfigurationPlatforms) = preSolution
		Debug|Any CPU = Debug|Any CPU
		Release|Any CPU = Release|Any CPU
	EndGlobalSection
	GlobalSection(ProjectConfigurationPlatforms) = postSolution
		{876B6285-09C2-4B88-A2D6-23583C6722F5}.Debug|Any CPU.ActiveCfg = Debug|Any CPU
		{876B6285-09C2-4B88-A2D6-23583C6722F5}.Debug|Any CPU.Build.0 = Debug|Any CPU
		{876B6285-09C2-4B88-A2D6-23583C6722F5}.Release|Any CPU.ActiveCfg = Release|Any CPU
		{876B6285-09C2-4B88-A2D6-23583C6722F5}.Release|Any CPU.Build.0 = Release|Any CPU
		{E86E3434-7012-456C-9C64-C2D335DE018A}.Debug|Any CPU.ActiveCfg = Debug|Any CPU
		{E86E3434-7012-456C-9C64-C2D335DE018A}.Debug|Any CPU.Build.0 = Debug|Any CPU
		{E86E3434-7012-456C-9C64-C2D335DE018A}.Release|Any CPU.ActiveCfg = Release|Any CPU
		{E86E3434-7012-456C-9C64-C2D335DE018A}.Release|Any CPU.Build.0 = Release|Any CPU
	EndGlobalSection
	GlobalSection(SolutionProperties) = preSolution
		HideSolutionNode = FALSE
	EndGlobalSection
	GlobalSection(ExtensibilityGlobals) = postSolution
		SolutionGuid = {E435F6F2-C440-4525-850E-58B29671A2EA}
	EndGlobalSection
EndGlobal
